
Microsoft Visual Studio Solution File, Format Version 12.00
# Visual Studio Version 16
VisualStudioVersion = 16.0.31205.134
MinimumVisualStudioVersion = 10.0.40219.1
Project("{9A19103F-16F7-4668-BE54-9A1E7A4F7556}") = "Lab2_ElectricBills", "Lab2_ElectricBills\Lab2_ElectricBills.csproj", "{CCC423E0-3B8A-4F9E-9EE5-BDF4047539A3}"
EndProject
Project("{9A19103F-16F7-4668-BE54-9A1E7A4F7556}") = "CustomerData", "CustomerData\CustomerData.csproj", "{DA10E0CF-B1C1-486B-8BB9-CDDB687C53D4}"
EndProject
Project("{FAE04EC0-301F-11D3-BF4B-00C04F79EFBC}") = "CustomerDataTests", "CustomerDataTests\CustomerDataTests.csproj", "{C214B89D-1B01-48D3-B089-EAF756DB818D}"
EndProject
Global
	GlobalSection(SolutionConfigurationPlatforms) = preSolution
		Debug|Any CPU = Debug|Any CPU
		Release|Any CPU = Release|Any CPU
	EndGlobalSection
	GlobalSection(ProjectConfigurationPlatforms) = postSolution
		{CCC423E0-3B8A-4F9E-9EE5-BDF4047539A3}.Debug|Any CPU.ActiveCfg = Debug|Any CPU
		{CCC423E0-3B8A-4F9E-9EE5-BDF4047539A3}.Debug|Any CPU.Build.0 = Debug|Any CPU
		{CCC423E0-3B8A-4F9E-9EE5-BDF4047539A3}.Release|Any CPU.ActiveCfg = Release|Any CPU
		{CCC423E0-3B8A-4F9E-9EE5-BDF4047539A3}.Release|Any CPU.Build.0 = Release|Any CPU
		{DA10E0CF-B1C1-486B-8BB9-CDDB687C53D4}.Debug|Any CPU.ActiveCfg = Debug|Any CPU
		{DA10E0CF-B1C1-486B-8BB9-CDDB687C53D4}.Debug|Any CPU.Build.0 = Debug|Any CPU
		{DA10E0CF-B1C1-486B-8BB9-CDDB687C53D4}.Release|Any CPU.ActiveCfg = Release|Any CPU
		{DA10E0CF-B1C1-486B-8BB9-CDDB687C53D4}.Release|Any CPU.Build.0 = Release|Any CPU
		{C214B89D-1B01-48D3-B089-EAF756DB818D}.Debug|Any CPU.ActiveCfg = Debug|Any CPU
		{C214B89D-1B01-48D3-B089-EAF756DB818D}.Debug|Any CPU.Build.0 = Debug|Any CPU
		{C214B89D-1B01-48D3-B089-EAF756DB818D}.Release|Any CPU.ActiveCfg = Release|Any CPU
		{C214B89D-1B01-48D3-B089-EAF756DB818D}.Release|Any CPU.Build.0 = Release|Any CPU
	EndGlobalSection
	GlobalSection(SolutionProperties) = preSolution
		HideSolutionNode = FALSE
	EndGlobalSection
	GlobalSection(ExtensibilityGlobals) = postSolution
		SolutionGuid = {1E9ECAE2-4C9E-42A0-B841-2FEFF95D6ADF}
	EndGlobalSection
EndGlobal
